{
  "version": 4,
  "terraform_version": "1.5.7",
  "serial": 331,
  "lineage": "8690aa30-2ad8-c2c7-cfcd-4f5a11cae63e",
  "outputs": {
    "vm_id": {
      "value": "/subscriptions/e3621159-0479-4391-86b0-7e2afae505de/resourceGroups/my-resource-group/providers/Microsoft.Compute/virtualMachines/my-vm",
      "type": "string"
    },
    "vm_name": {
      "value": "my-vm",
      "type": "string"
    },
    "vm_public_ip": {
      "value": "",
      "type": "string"
    }
  },
  "resources": [
    {
      "mode": "data",
      "type": "azurerm_key_vault",
      "name": "example",
      "provider": "provider[\"registry.terraform.io/hashicorp/azurerm\"]",
      "instances": [
        {
          "schema_version": 0,
          "attributes": {
            "access_policy": [],
            "enable_rbac_authorization": true,
            "enabled_for_deployment": false,
            "enabled_for_disk_encryption": false,
            "enabled_for_template_deployment": false,
            "id": "/subscriptions/e3621159-0479-4391-86b0-7e2afae505de/resourceGroups/permaRG/providers/Microsoft.KeyVault/vaults/MySecureVault12345",
            "location": "westeurope",
            "name": "MySecureVault12345",
            "network_acls": [],
            "public_network_access_enabled": true,
            "purge_protection_enabled": false,
            "resource_group_name": "permaRG",
            "sku_name": "standard",
            "tags": {},
            "tenant_id": "3d3bcdb4-a71d-4e05-8f4d-f641c43a7f97",
            "timeouts": null,
            "vault_uri": "https://mysecurevault12345.vault.azure.net/"
          },
          "sensitive_attributes": []
        }
      ]
    },
    {
      "mode": "data",
      "type": "azurerm_key_vault_secret",
      "name": "vm_admin_password",
      "provider": "provider[\"registry.terraform.io/hashicorp/azurerm\"]",
      "instances": [
        {
          "schema_version": 0,
          "attributes": {
            "content_type": "",
            "expiration_date": null,
            "id": "https://mysecurevault12345.vault.azure.net/secrets/tommy-password/0e2631cbe7914252b0ca017713ec169e",
            "key_vault_id": "/subscriptions/e3621159-0479-4391-86b0-7e2afae505de/resourceGroups/permaRG/providers/Microsoft.KeyVault/vaults/MySecureVault12345",
            "name": "tommy-password",
            "not_before_date": null,
            "resource_id": "/subscriptions/e3621159-0479-4391-86b0-7e2afae505de/resourceGroups/permaRG/providers/Microsoft.KeyVault/vaults/MySecureVault12345/secrets/tommy-password/versions/0e2631cbe7914252b0ca017713ec169e",
            "resource_versionless_id": "/subscriptions/e3621159-0479-4391-86b0-7e2afae505de/resourceGroups/permaRG/providers/Microsoft.KeyVault/vaults/MySecureVault12345/secrets/tommy-password",
            "tags": {
              "file-encoding": "utf-8"
            },
            "timeouts": null,
            "value": "Teste1234!",
            "version": "0e2631cbe7914252b0ca017713ec169e",
            "versionless_id": "https://mysecurevault12345.vault.azure.net/secrets/tommy-password"
          },
          "sensitive_attributes": []
        }
      ]
    },
    {
      "mode": "managed",
      "type": "azurerm_network_interface",
      "name": "main",
      "provider": "provider[\"registry.terraform.io/hashicorp/azurerm\"]",
      "instances": [
        {
          "schema_version": 0,
          "attributes": {
            "applied_dns_servers": [],
            "dns_servers": [],
            "edge_zone": "",
            "enable_accelerated_networking": false,
            "enable_ip_forwarding": false,
            "id": "/subscriptions/e3621159-0479-4391-86b0-7e2afae505de/resourceGroups/my-resource-group/providers/Microsoft.Network/networkInterfaces/my-nic",
            "internal_dns_name_label": "",
            "internal_domain_name_suffix": "vas242fios5ezlbfj4qzayxrcc.ax.internal.cloudapp.net",
            "ip_configuration": [
              {
                "gateway_load_balancer_frontend_ip_configuration_id": "",
                "name": "internal",
                "primary": true,
                "private_ip_address": "10.0.1.4",
                "private_ip_address_allocation": "Dynamic",
                "private_ip_address_version": "IPv4",
                "public_ip_address_id": "/subscriptions/e3621159-0479-4391-86b0-7e2afae505de/resourceGroups/my-resource-group/providers/Microsoft.Network/publicIPAddresses/vm-public-ip",
                "subnet_id": "/subscriptions/e3621159-0479-4391-86b0-7e2afae505de/resourceGroups/my-resource-group/providers/Microsoft.Network/virtualNetworks/my-vnet/subnets/internal"
              }
            ],
            "location": "westeurope",
            "mac_address": "",
            "name": "my-nic",
            "private_ip_address": "10.0.1.4",
            "private_ip_addresses": [
              "10.0.1.4"
            ],
            "resource_group_name": "my-resource-group",
            "tags": null,
            "timeouts": null,
            "virtual_machine_id": ""
          },
          "sensitive_attributes": [],
          "private": "eyJlMmJmYjczMC1lY2FhLTExZTYtOGY4OC0zNDM2M2JjN2M0YzAiOnsiY3JlYXRlIjoxODAwMDAwMDAwMDAwLCJkZWxldGUiOjE4MDAwMDAwMDAwMDAsInJlYWQiOjMwMDAwMDAwMDAwMCwidXBkYXRlIjoxODAwMDAwMDAwMDAwfX0=",
          "dependencies": [
            "azurerm_network_security_group.vm_nsg",
            "azurerm_public_ip.vm_public_ip",
            "azurerm_resource_group.my-resource-group",
            "azurerm_subnet.internal",
            "azurerm_virtual_network.main"
          ]
        }
      ]
    },
    {
      "mode": "managed",
      "type": "azurerm_network_interface_security_group_association",
      "name": "vm_nic_nsg",
      "provider": "provider[\"registry.terraform.io/hashicorp/azurerm\"]",
      "instances": [
        {
          "schema_version": 0,
          "attributes": {
            "id": "/subscriptions/e3621159-0479-4391-86b0-7e2afae505de/resourceGroups/my-resource-group/providers/Microsoft.Network/networkInterfaces/my-nic|/subscriptions/e3621159-0479-4391-86b0-7e2afae505de/resourceGroups/my-resource-group/providers/Microsoft.Network/networkSecurityGroups/vm-nsg",
            "network_interface_id": "/subscriptions/e3621159-0479-4391-86b0-7e2afae505de/resourceGroups/my-resource-group/providers/Microsoft.Network/networkInterfaces/my-nic",
            "network_security_group_id": "/subscriptions/e3621159-0479-4391-86b0-7e2afae505de/resourceGroups/my-resource-group/providers/Microsoft.Network/networkSecurityGroups/vm-nsg",
            "timeouts": null
          },
          "sensitive_attributes": [],
          "private": "eyJlMmJmYjczMC1lY2FhLTExZTYtOGY4OC0zNDM2M2JjN2M0YzAiOnsiY3JlYXRlIjoxODAwMDAwMDAwMDAwLCJkZWxldGUiOjE4MDAwMDAwMDAwMDAsInJlYWQiOjMwMDAwMDAwMDAwMCwidXBkYXRlIjoxODAwMDAwMDAwMDAwfX0=",
          "dependencies": [
            "azurerm_network_interface.main",
            "azurerm_network_security_group.vm_nsg",
            "azurerm_public_ip.vm_public_ip",
            "azurerm_resource_group.my-resource-group",
            "azurerm_subnet.internal",
            "azurerm_virtual_network.main"
          ]
        }
      ]
    },
    {
      "mode": "managed",
      "type": "azurerm_network_security_group",
      "name": "vm_nsg",
      "provider": "provider[\"registry.terraform.io/hashicorp/azurerm\"]",
      "instances": [
        {
          "schema_version": 0,
          "attributes": {
            "id": "/subscriptions/e3621159-0479-4391-86b0-7e2afae505de/resourceGroups/my-resource-group/providers/Microsoft.Network/networkSecurityGroups/vm-nsg",
            "location": "westeurope",
            "name": "vm-nsg",
            "resource_group_name": "my-resource-group",
            "security_rule": [
              {
                "access": "Allow",
                "description": "",
                "destination_address_prefix": "*",
                "destination_address_prefixes": [],
                "destination_application_security_group_ids": [],
                "destination_port_range": "22",
                "destination_port_ranges": [],
                "direction": "Inbound",
                "name": "allow-ssh",
                "priority": 100,
                "protocol": "Tcp",
                "source_address_prefix": "*",
                "source_address_prefixes": [],
                "source_application_security_group_ids": [],
                "source_port_range": "*",
                "source_port_ranges": []
              }
            ],
            "tags": null,
            "timeouts": null
          },
          "sensitive_attributes": [],
          "private": "eyJlMmJmYjczMC1lY2FhLTExZTYtOGY4OC0zNDM2M2JjN2M0YzAiOnsiY3JlYXRlIjoxODAwMDAwMDAwMDAwLCJkZWxldGUiOjE4MDAwMDAwMDAwMDAsInJlYWQiOjMwMDAwMDAwMDAwMCwidXBkYXRlIjoxODAwMDAwMDAwMDAwfX0=",
          "dependencies": [
            "azurerm_resource_group.my-resource-group"
          ]
        }
      ]
    },
    {
      "mode": "managed",
      "type": "azurerm_public_ip",
      "name": "vm_public_ip",
      "provider": "provider[\"registry.terraform.io/hashicorp/azurerm\"]",
      "instances": [
        {
          "schema_version": 0,
          "attributes": {
            "allocation_method": "Dynamic",
            "ddos_protection_mode": "VirtualNetworkInherited",
            "ddos_protection_plan_id": null,
            "domain_name_label": null,
            "edge_zone": "",
            "fqdn": null,
            "id": "/subscriptions/e3621159-0479-4391-86b0-7e2afae505de/resourceGroups/my-resource-group/providers/Microsoft.Network/publicIPAddresses/vm-public-ip",
            "idle_timeout_in_minutes": 4,
            "ip_address": "",
            "ip_tags": null,
            "ip_version": "IPv4",
            "location": "westeurope",
            "name": "vm-public-ip",
            "public_ip_prefix_id": null,
            "resource_group_name": "my-resource-group",
            "reverse_fqdn": null,
            "sku": "Basic",
            "sku_tier": "Regional",
            "tags": null,
            "timeouts": null,
            "zones": null
          },
          "sensitive_attributes": [],
          "private": "eyJlMmJmYjczMC1lY2FhLTExZTYtOGY4OC0zNDM2M2JjN2M0YzAiOnsiY3JlYXRlIjoxODAwMDAwMDAwMDAwLCJkZWxldGUiOjE4MDAwMDAwMDAwMDAsInJlYWQiOjMwMDAwMDAwMDAwMCwidXBkYXRlIjoxODAwMDAwMDAwMDAwfX0=",
          "dependencies": [
            "azurerm_resource_group.my-resource-group"
          ]
        }
      ]
    },
    {
      "mode": "managed",
      "type": "azurerm_resource_group",
      "name": "my-resource-group",
      "provider": "provider[\"registry.terraform.io/hashicorp/azurerm\"]",
      "instances": [
        {
          "schema_version": 0,
          "attributes": {
            "id": "/subscriptions/e3621159-0479-4391-86b0-7e2afae505de/resourceGroups/my-resource-group",
            "location": "westeurope",
            "name": "my-resource-group",
            "tags": null,
            "timeouts": null
          },
          "sensitive_attributes": [],
          "private": "eyJlMmJmYjczMC1lY2FhLTExZTYtOGY4OC0zNDM2M2JjN2M0YzAiOnsiY3JlYXRlIjo1NDAwMDAwMDAwMDAwLCJkZWxldGUiOjU0MDAwMDAwMDAwMDAsInJlYWQiOjMwMDAwMDAwMDAwMCwidXBkYXRlIjo1NDAwMDAwMDAwMDAwfX0="
        }
      ]
    },
    {
      "mode": "managed",
      "type": "azurerm_subnet",
      "name": "internal",
      "provider": "provider[\"registry.terraform.io/hashicorp/azurerm\"]",
      "instances": [
        {
          "schema_version": 0,
          "attributes": {
            "address_prefixes": [
              "10.0.1.0/24"
            ],
            "delegation": [],
            "enforce_private_link_endpoint_network_policies": false,
            "enforce_private_link_service_network_policies": false,
            "id": "/subscriptions/e3621159-0479-4391-86b0-7e2afae505de/resourceGroups/my-resource-group/providers/Microsoft.Network/virtualNetworks/my-vnet/subnets/internal",
            "name": "internal",
            "private_endpoint_network_policies_enabled": true,
            "private_link_service_network_policies_enabled": true,
            "resource_group_name": "my-resource-group",
            "service_endpoint_policy_ids": null,
            "service_endpoints": null,
            "timeouts": null,
            "virtual_network_name": "my-vnet"
          },
          "sensitive_attributes": [],
          "private": "eyJlMmJmYjczMC1lY2FhLTExZTYtOGY4OC0zNDM2M2JjN2M0YzAiOnsiY3JlYXRlIjoxODAwMDAwMDAwMDAwLCJkZWxldGUiOjE4MDAwMDAwMDAwMDAsInJlYWQiOjMwMDAwMDAwMDAwMCwidXBkYXRlIjoxODAwMDAwMDAwMDAwfX0=",
          "dependencies": [
            "azurerm_resource_group.my-resource-group",
            "azurerm_virtual_network.main"
          ]
        }
      ]
    },
    {
      "mode": "managed",
      "type": "azurerm_virtual_machine",
      "name": "main",
      "provider": "provider[\"registry.terraform.io/hashicorp/azurerm\"]",
      "instances": [
        {
          "schema_version": 0,
          "attributes": {
            "additional_capabilities": [],
            "availability_set_id": null,
            "boot_diagnostics": [],
            "delete_data_disks_on_termination": false,
            "delete_os_disk_on_termination": true,
            "id": "/subscriptions/e3621159-0479-4391-86b0-7e2afae505de/resourceGroups/my-resource-group/providers/Microsoft.Compute/virtualMachines/my-vm",
            "identity": [],
            "license_type": null,
            "location": "westeurope",
            "name": "my-vm",
            "network_interface_ids": [
              "/subscriptions/e3621159-0479-4391-86b0-7e2afae505de/resourceGroups/my-resource-group/providers/Microsoft.Network/networkInterfaces/my-nic"
            ],
            "os_profile": [
              {
                "admin_password": "",
                "admin_username": "tommy",
                "computer_name": "myvm",
                "custom_data": ""
              }
            ],
            "os_profile_linux_config": [
              {
                "disable_password_authentication": false,
                "ssh_keys": []
              }
            ],
            "os_profile_secrets": [],
            "os_profile_windows_config": [],
            "plan": [],
            "primary_network_interface_id": null,
            "proximity_placement_group_id": null,
            "resource_group_name": "my-resource-group",
            "storage_data_disk": [],
            "storage_image_reference": [
              {
                "id": "",
                "offer": "0001-com-ubuntu-server-jammy",
                "publisher": "Canonical",
                "sku": "22_04-lts",
                "version": "latest"
              }
            ],
            "storage_os_disk": [
              {
                "caching": "ReadWrite",
                "create_option": "FromImage",
                "disk_size_gb": 30,
                "image_uri": "",
                "managed_disk_id": "/subscriptions/e3621159-0479-4391-86b0-7e2afae505de/resourceGroups/my-resource-group/providers/Microsoft.Compute/disks/myosdiskpancho",
                "managed_disk_type": "Standard_LRS",
                "name": "myosdiskpancho",
                "os_type": "Linux",
                "vhd_uri": "",
                "write_accelerator_enabled": false
              }
            ],
            "tags": null,
            "timeouts": null,
            "vm_size": "Standard_B1s",
            "zones": null
          },
          "sensitive_attributes": [
            [
              {
                "type": "get_attr",
                "value": "os_profile"
              }
            ]
          ],
          "private": "eyJlMmJmYjczMC1lY2FhLTExZTYtOGY4OC0zNDM2M2JjN2M0YzAiOnsiY3JlYXRlIjozNjAwMDAwMDAwMDAwLCJkZWxldGUiOjM2MDAwMDAwMDAwMDAsInJlYWQiOjMwMDAwMDAwMDAwMCwidXBkYXRlIjozNjAwMDAwMDAwMDAwfX0=",
          "dependencies": [
            "azurerm_network_interface.main",
            "azurerm_network_interface_security_group_association.vm_nic_nsg",
            "azurerm_network_security_group.vm_nsg",
            "azurerm_public_ip.vm_public_ip",
            "azurerm_resource_group.my-resource-group",
            "azurerm_subnet.internal",
            "azurerm_virtual_network.main",
            "data.azurerm_key_vault_secret.vm_admin_password"
          ]
        }
      ]
    },
    {
      "mode": "managed",
      "type": "azurerm_virtual_network",
      "name": "main",
      "provider": "provider[\"registry.terraform.io/hashicorp/azurerm\"]",
      "instances": [
        {
          "schema_version": 0,
          "attributes": {
            "address_space": [
              "10.0.0.0/16"
            ],
            "bgp_community": "",
            "ddos_protection_plan": [],
            "dns_servers": [],
            "edge_zone": "",
            "flow_timeout_in_minutes": 0,
            "guid": "70cf25a8-74a8-4cbe-ac25-4fa19062f112",
            "id": "/subscriptions/e3621159-0479-4391-86b0-7e2afae505de/resourceGroups/my-resource-group/providers/Microsoft.Network/virtualNetworks/my-vnet",
            "location": "westeurope",
            "name": "my-vnet",
            "resource_group_name": "my-resource-group",
            "subnet": [],
            "tags": null,
            "timeouts": null
          },
          "sensitive_attributes": [],
          "private": "eyJlMmJmYjczMC1lY2FhLTExZTYtOGY4OC0zNDM2M2JjN2M0YzAiOnsiY3JlYXRlIjoxODAwMDAwMDAwMDAwLCJkZWxldGUiOjE4MDAwMDAwMDAwMDAsInJlYWQiOjMwMDAwMDAwMDAwMCwidXBkYXRlIjoxODAwMDAwMDAwMDAwfX0=",
          "dependencies": [
            "azurerm_resource_group.my-resource-group"
          ]
        }
      ]
    }
  ],
  "check_results": null
}
